// !$*UTF8*$!
{
	archiveVersion = 1;
	classes = {
	};
	objectVersion = 46;
	objects = {

/* Begin PBXBuildFile section */
		787B88D41EC542E5001BE530 /* AppDelegate.swift in Sources */ = {isa = PBXBuildFile; fileRef = 787B88D31EC542E5001BE530 /* AppDelegate.swift */; };
		787B88DB1EC542E5001BE530 /* Assets.xcassets in Resources */ = {isa = PBXBuildFile; fileRef = 787B88DA1EC542E5001BE530 /* Assets.xcassets */; };
		787B88DE1EC542E5001BE530 /* LaunchScreen.storyboard in Resources */ = {isa = PBXBuildFile; fileRef = 787B88DC1EC542E5001BE530 /* LaunchScreen.storyboard */; };
		787B88E61EC548AD001BE530 /* Storyboard.storyboard in Resources */ = {isa = PBXBuildFile; fileRef = 787B88E51EC548AD001BE530 /* Storyboard.storyboard */; };
		787B88E81EC54963001BE530 /* NumbersTableViewController.swift in Sources */ = {isa = PBXBuildFile; fileRef = 787B88E71EC54963001BE530 /* NumbersTableViewController.swift */; };
/* End PBXBuildFile section */

/* Begin PBXFileReference section */
		787B88D01EC542E5001BE530 /* DefaultTableViewExample.app */ = {isa = PBXFileReference; explicitFileType = wrapper.application; includeInIndex = 0; path = DefaultTableViewExample.app; sourceTree = BUILT_PRODUCTS_DIR; };
		787B88D31EC542E5001BE530 /* AppDelegate.swift */ = {isa = PBXFileReference; lastKnownFileType = sourcecode.swift; path = AppDelegate.swift; sourceTree = "<group>"; };
		787B88DA1EC542E5001BE530 /* Assets.xcassets */ = {isa = PBXFileReference; lastKnownFileType = folder.assetcatalog; path = Assets.xcassets; sourceTree = "<group>"; };
		787B88DD1EC542E5001BE530 /* Base */ = {isa = PBXFileReference; lastKnownFileType = file.storyboard; name = Base; path = Base.lproj/LaunchScreen.storyboard; sourceTree = "<group>"; };
		787B88DF1EC542E5001BE530 /* Info.plist */ = {isa = PBXFileReference; lastKnownFileType = text.plist.xml; path = Info.plist; sourceTree = "<group>"; };
		787B88E51EC548AD001BE530 /* Storyboard.storyboard */ = {isa = PBXFileReference; fileEncoding = 4; lastKnownFileType = file.storyboard; path = Storyboard.storyboard; sourceTree = "<group>"; };
		787B88E71EC54963001BE530 /* NumbersTableViewController.swift */ = {isa = PBXFileReference; fileEncoding = 4; lastKnownFileType = sourcecode.swift; path = NumbersTableViewController.swift; sourceTree = "<group>"; };
/* End PBXFileReference section */

/* Begin PBXFrameworksBuildPhase section */
		787B88CD1EC542E5001BE530 /* Frameworks */ = {
			isa = PBXFrameworksBuildPhase;
			buildActionMask = 2147483647;
			files = (
			);
			runOnlyForDeploymentPostprocessing = 0;
		};
/* End PBXFrameworksBuildPhase section */

/* Begin PBXGroup section */
		787B88C71EC542E5001BE530 = {
			isa = PBXGroup;
			children = (
				787B88D21EC542E5001BE530 /* DefaultTableViewExample */,
				787B88D11EC542E5001BE530 /* Products */,
			);
			sourceTree = "<group>";
		};
		787B88D11EC542E5001BE530 /* Products */ = {
			isa = PBXGroup;
			children = (
				787B88D01EC542E5001BE530 /* DefaultTableViewExample.app */,
			);
			name = Products;
			sourceTree = "<group>";
		};
		787B88D21EC542E5001BE530 /* DefaultTableViewExample */ = {
			isa = PBXGroup;
			children = (
				787B88D31EC542E5001BE530 /* AppDelegate.swift */,
				787B88E71EC54963001BE530 /* NumbersTableViewController.swift */,
				787B88E51EC548AD001BE530 /* Storyboard.storyboard */,
				787B88DA1EC542E5001BE530 /* Assets.xcassets */,
				787B88DC1EC542E5001BE530 /* LaunchScreen.storyboard */,
				787B88DF1EC542E5001BE530 /* Info.plist */,
			);
			path = DefaultTableViewExample;
			sourceTree = "<group>";
		};
/* End PBXGroup section */

/* Begin PBXNativeTarget section */
		787B88CF1EC542E5001BE530 /* DefaultTableViewExample */ = {
			isa = PBXNativeTarget;
			buildConfigurationList = 787B88E21EC542E5001BE530 /* Build configuration list for PBXNativeTarget "DefaultTableViewExample" */;
			buildPhases = (
				787B88CC1EC542E5001BE530 /* Sources */,
				787B88CD1EC542E5001BE530 /* Frameworks */,
				787B88CE1EC542E5001BE530 /* Resources */,
			);
			buildRules = (
			);
			dependencies = (
			);
			name = DefaultTableViewExample;
			productName = DefaultTableViewExample;
			productReference = 787B88D01EC542E5001BE530 /* DefaultTableViewExample.app */;
			productType = "com.apple.product-type.application";
		};
/* End PBXNativeTarget section */

/* Begin PBXProject section */
		787B88C81EC542E5001BE530 /* Project object */ = {
			isa = PBXProject;
			attributes = {
				LastSwiftUpdateCheck = 0830;
				LastUpgradeCheck = 0830;
				ORGANIZATIONNAME = "César Brenes Solano";
				TargetAttributes = {
					787B88CF1EC542E5001BE530 = {
						CreatedOnToolsVersion = 8.3.2;
						DevelopmentTeam = YZ2TPBNCEE;
						ProvisioningStyle = Automatic;
					};
				};
			};
			buildConfigurationList = 787B88CB1EC542E5001BE530 /* Build configuration list for PBXProject "DefaultTableViewExample" */;
			compatibilityVersion = "Xcode 3.2";
			developmentRegion = English;
			hasScannedForEncodings = 0;
			knownRegions = (
				en,
				Base,
			);
			mainGroup = 787B88C71EC542E5001BE530;
			productRefGroup = 787B88D11EC542E5001BE530 /* Products */;
			projectDirPath = "";
			projectRoot = "";
			targets = (
				787B88CF1EC542E5001BE530 /* DefaultTableViewExample */,
			);
		};
/* End PBXProject section */

/* Begin PBXResourcesBuildPhase section */
		787B88CE1EC542E5001BE530 /* Resources */ = {
			isa = PBXResourcesBuildPhase;
			buildActionMask = 2147483647;
			files = (
				787B88DE1EC542E5001BE530 /* LaunchScreen.storyboard in Resources */,
				787B88DB1EC542E5001BE530 /* Assets.xcassets in Resources */,
				787B88E61EC548AD001BE530 /* Storyboard.storyboard in Resources */,
			);
			runOnlyForDeploymentPostprocessing = 0;
		};
/* End PBXResourcesBuildPhase section */

/* Begin PBXSourcesBuildPhase section */
		787B88CC1EC542E5001BE530 /* Sources */ = {
			isa = PBXSourcesBuildPhase;
			buildActionMask = 2147483647;
			files = (
				787B88E81EC54963001BE530 /* NumbersTableViewController.swift in Sources */,
				787B88D41EC542E5001BE530 /* AppDelegate.swift in Sources */,
			);
			runOnlyForDeploymentPostprocessing = 0;
		};
/* End PBXSourcesBuildPhase section */

/* Begin PBXVariantGroup section */
		787B88DC1EC542E5001BE530 /* LaunchScreen.storyboard */ = {
			isa = PBXVariantGroup;
			children = (
				787B88DD1EC542E5001BE530 /* Base */,
			);
			name = LaunchScreen.storyboard;
			sourceTree = "<group>";
		};
/* End PBXVariantGroup section */

/* Begin XCBuildConfiguration section */
		787B88E01EC542E5001BE530 /* Debug */ = {
			isa = XCBuildConfiguration;
			buildSettings = {
				ALWAYS_SEARCH_USER_PATHS = NO;
				CLANG_ANALYZER_NONNULL = YES;
				CLANG_ANALYZER_NUMBER_OBJECT_CONVERSION = YES_AGGRESSIVE;
				CLANG_CXX_LANGUAGE_STANDARD = "gnu++0x";
				CLANG_CXX_LIBRARY = "libc++";
				CLANG_ENABLE_MODULES = YES;
				CLANG_ENABLE_OBJC_ARC = YES;
				CLANG_WARN_BOOL_CONVERSION = YES;
				CLANG_WARN_CONSTANT_CONVERSION = YES;
				CLANG_WARN_DIRECT_OBJC_ISA_USAGE = YES_ERROR;
				CLANG_WARN_DOCUMENTATION_COMMENTS = YES;
				CLANG_WARN_EMPTY_BODY = YES;
				CLANG_WARN_ENUM_CONVERSION = YES;
				CLANG_WARN_INFINITE_RECURSION = YES;
				CLANG_WARN_INT_CONVERSION = YES;
				CLANG_WARN_OBJC_ROOT_CLASS = YES_ERROR;
				CLANG_WARN_SUSPICIOUS_MOVE = YES;
				CLANG_WARN_UNREACHABLE_CODE = YES;
				CLANG_WARN__DUPLICATE_METHOD_MATCH = YES;
				"CODE_SIGN_IDENTITY[sdk=iphoneos*]" = "iPhone Developer";
				COPY_PHASE_STRIP = NO;
				DEBUG_INFORMATION_FORMAT = dwarf;
				ENABLE_STRICT_OBJC_MSGSEND = YES;
				ENABLE_TESTABILITY = YES;
				GCC_C_LANGUAGE_STANDARD = gnu99;
				GCC_DYNAMIC_NO_PIC = NO;
				GCC_NO_COMMON_BLOCKS = YES;
				GCC_OPTIMIZATION_LEVEL = 0;
				GCC_PREPROCESSOR_DEFINITIONS = (
					"DEBUG=1",
					"$(inherited)",
				);
				GCC_WARN_64_TO_32_BIT_CONVERSION = YES;
				GCC_WARN_ABOUT_RETURN_TYPE = YES_ERROR;
				GCC_WARN_UNDECLARED_SELECTOR = YES;
				GCC_WARN_UNINITIALIZED_AUTOS = YES_AGGRESSIVE;
				GCC_WARN_UNUSED_FUNCTION = YES;
				GCC_WARN_UNUSED_VARIABLE = YES;
				IPHONEOS_DEPLOYMENT_TARGET = 10.3;
				MTL_ENABLE_DEBUG_INFO = YES;
				ONLY_ACTIVE_ARCH = YES;
				SDKROOT = iphoneos;
				SWIFT_ACTIVE_COMPILATION_CONDITIONS = DEBUG;
				SWIFT_OPTIMIZATION_LEVEL = "-Onone";
			};
			name = Debug;
		};
		787B88E11EC542E5001BE530 /* Release */ = {
			isa = XCBuildConfiguration;
			buildSettings = {
				ALWAYS_SEARCH_USER_PATHS = NO;
				CLANG_ANALYZER_NONNULL = YES;
				CLANG_ANALYZER_NUMBER_OBJECT_CONVERSION = YES_AGGRESSIVE;
				CLANG_CXX_LANGUAGE_STANDARD = "gnu++0x";
				CLANG_CXX_LIBRARY = "libc++";
				CLANG_ENABLE_MODULES = YES;
				CLANG_ENABLE_OBJC_ARC = YES;
				CLANG_WARN_BOOL_CONVERSION = YES;
				CLANG_WARN_CONSTANT_CONVERSION = YES;
				CLANG_WARN_DIRECT_OBJC_ISA_USAGE = YES_ERROR;
				CLANG_WARN_DOCUMENTATION_COMMENTS = YES;
				CLANG_WARN_EMPTY_BODY = YES;
				CLANG_WARN_ENUM_CONVERSION = YES;
				CLANG_WARN_INFINITE_RECURSION = YES;
				CLANG_WARN_INT_CONVERSION = YES;
				CLANG_WARN_OBJC_ROOT_CLASS = YES_ERROR;
				CLANG_WARN_SUSPICIOUS_MOVE = YES;
				CLANG_WARN_UNREACHABLE_CODE = YES;
				CLANG_WARN__DUPLICATE_METHOD_MATCH = YES;
				"CODE_SIGN_IDENTITY[sdk=iphoneos*]" = "iPhone Developer";
				COPY_PHASE_STRIP = NO;
				DEBUG_INFORMATION_FORMAT = "dwarf-with-dsym";
				ENABLE_NS_ASSERTIONS = NO;
				ENABLE_STRICT_OBJC_MSGSEND = YES;
				GCC_C_LANGUAGE_STANDARD = gnu99;
				GCC_NO_COMMON_BLOCKS = YES;
				GCC_WARN_64_TO_32_BIT_CONVERSION = YES;
				GCC_WARN_ABOUT_RETURN_TYPE = YES_ERROR;
				GCC_WARN_UNDECLARED_SELECTOR = YES;
				GCC_WARN_UNINITIALIZED_AUTOS = YES_AGGRESSIVE;
				GCC_WARN_UNUSED_FUNCTION = YES;
				GCC_WARN_UNUSED_VARIABLE = YES;
				IPHONEOS_DEPLOYMENT_TARGET = 10.3;
				MTL_ENABLE_DEBUG_INFO = NO;
				SDKROOT = iphoneos;
				SWIFT_OPTIMIZATION_LEVEL = "-Owholemodule";
				VALIDATE_PRODUCT = YES;
			};
			name = Release;
		};
		787B88E31EC542E5001BE530 /* Debug */ = {
			isa = XCBuildConfiguration;
			buildSettings = {
				ASSETCATALOG_COMPILER_APPICON_NAME = AppIcon;
				DEVELOPMENT_TEAM = YZ2TPBNCEE;
				INFOPLIST_FILE = DefaultTableViewExample/Info.plist;
				IPHONEOS_DEPLOYMENT_TARGET = 10.3;
				LD_RUNPATH_SEARCH_PATHS = "$(inherited) @executable_path/Frameworks";
				PRODUCT_BUNDLE_IDENTIFIER = com.veuxLabs.DefaultTableViewExample;
				PRODUCT_NAME = "$(TARGET_NAME)";
				SWIFT_VERSION = 3.0;
			};
			name = Debug;
		};
		787B88E41EC542E5001BE530 /* Release */ = {
			isa = XCBuildConfiguration;
			buildSettings = {
				ASSETCATALOG_COMPILER_APPICON_NAME = AppIcon;
				DEVELOPMENT_TEAM = YZ2TPBNCEE;
				INFOPLIST_FILE = DefaultTableViewExample/Info.plist;
				IPHONEOS_DEPLOYMENT_TARGET = 10.3;
				LD_RUNPATH_SEARCH_PATHS = "$(inherited) @executable_path/Frameworks";
				PRODUCT_BUNDLE_IDENTIFIER = com.veuxLabs.DefaultTableViewExample;
				PRODUCT_NAME = "$(TARGET_NAME)";
				SWIFT_VERSION = 3.0;
			};
			name = Release;
		};
/* End XCBuildConfiguration section */

/* Begin XCConfigurationList section */
		787B88CB1EC542E5001BE530 /* Build configuration list for PBXProject "DefaultTableViewExample" */ = {
			isa = XCConfigurationList;
			buildConfigurations = (
				787B88E01EC542E5001BE530 /* Debug */,
				787B88E11EC542E5001BE530 /* Release */,
			);
			defaultConfigurationIsVisible = 0;
			defaultConfigurationName = Release;
		};
		787B88E21EC542E5001BE530 /* Build configuration list for PBXNativeTarget "DefaultTableViewExample" */ = {
			isa = XCConfigurationList;
			buildConfigurations = (
				787B88E31EC542E5001BE530 /* Debug */,
				787B88E41EC542E5001BE530 /* Release */,
			);
			defaultConfigurationIsVisible = 0;
		};
/* End XCConfigurationList section */
	};
	rootObject = 787B88C81EC542E5001BE530 /* Project object */;
}
