// !$*UTF8*$!
{
	archiveVersion = 1;
	classes = {
	};
	objectVersion = 46;
	objects = {

/* Begin PBXBuildFile section */
		787B88B41EC51EB6001BE530 /* AppDelegate.swift in Sources */ = {isa = PBXBuildFile; fileRef = 787B88B31EC51EB6001BE530 /* AppDelegate.swift */; };
		787B88B61EC51EB6001BE530 /* ViewController.swift in Sources */ = {isa = PBXBuildFile; fileRef = 787B88B51EC51EB6001BE530 /* ViewController.swift */; };
		787B88B91EC51EB6001BE530 /* Main.storyboard in Resources */ = {isa = PBXBuildFile; fileRef = 787B88B71EC51EB6001BE530 /* Main.storyboard */; };
		787B88BB1EC51EB6001BE530 /* Assets.xcassets in Resources */ = {isa = PBXBuildFile; fileRef = 787B88BA1EC51EB6001BE530 /* Assets.xcassets */; };
		787B88BE1EC51EB6001BE530 /* LaunchScreen.storyboard in Resources */ = {isa = PBXBuildFile; fileRef = 787B88BC1EC51EB6001BE530 /* LaunchScreen.storyboard */; };
		787B88C61EC5390C001BE530 /* NameViewController.swift in Sources */ = {isa = PBXBuildFile; fileRef = 787B88C51EC5390C001BE530 /* NameViewController.swift */; };
/* End PBXBuildFile section */

/* Begin PBXFileReference section */
		787B88B01EC51EB6001BE530 /* WellcomeApp.app */ = {isa = PBXFileReference; explicitFileType = wrapper.application; includeInIndex = 0; path = WellcomeApp.app; sourceTree = BUILT_PRODUCTS_DIR; };
		787B88B31EC51EB6001BE530 /* AppDelegate.swift */ = {isa = PBXFileReference; lastKnownFileType = sourcecode.swift; path = AppDelegate.swift; sourceTree = "<group>"; };
		787B88B51EC51EB6001BE530 /* ViewController.swift */ = {isa = PBXFileReference; lastKnownFileType = sourcecode.swift; path = ViewController.swift; sourceTree = "<group>"; };
		787B88B81EC51EB6001BE530 /* Base */ = {isa = PBXFileReference; lastKnownFileType = file.storyboard; name = Base; path = Base.lproj/Main.storyboard; sourceTree = "<group>"; };
		787B88BA1EC51EB6001BE530 /* Assets.xcassets */ = {isa = PBXFileReference; lastKnownFileType = folder.assetcatalog; path = Assets.xcassets; sourceTree = "<group>"; };
		787B88BD1EC51EB6001BE530 /* Base */ = {isa = PBXFileReference; lastKnownFileType = file.storyboard; name = Base; path = Base.lproj/LaunchScreen.storyboard; sourceTree = "<group>"; };
		787B88BF1EC51EB6001BE530 /* Info.plist */ = {isa = PBXFileReference; lastKnownFileType = text.plist.xml; path = Info.plist; sourceTree = "<group>"; };
		787B88C51EC5390C001BE530 /* NameViewController.swift */ = {isa = PBXFileReference; fileEncoding = 4; lastKnownFileType = sourcecode.swift; path = NameViewController.swift; sourceTree = "<group>"; };
/* End PBXFileReference section */

/* Begin PBXFrameworksBuildPhase section */
		787B88AD1EC51EB6001BE530 /* Frameworks */ = {
			isa = PBXFrameworksBuildPhase;
			buildActionMask = 2147483647;
			files = (
			);
			runOnlyForDeploymentPostprocessing = 0;
		};
/* End PBXFrameworksBuildPhase section */

/* Begin PBXGroup section */
		787B88A71EC51EB6001BE530 = {
			isa = PBXGroup;
			children = (
				787B88B21EC51EB6001BE530 /* WellcomeApp */,
				787B88B11EC51EB6001BE530 /* Products */,
			);
			sourceTree = "<group>";
		};
		787B88B11EC51EB6001BE530 /* Products */ = {
			isa = PBXGroup;
			children = (
				787B88B01EC51EB6001BE530 /* WellcomeApp.app */,
			);
			name = Products;
			sourceTree = "<group>";
		};
		787B88B21EC51EB6001BE530 /* WellcomeApp */ = {
			isa = PBXGroup;
			children = (
				787B88B31EC51EB6001BE530 /* AppDelegate.swift */,
				787B88B51EC51EB6001BE530 /* ViewController.swift */,
				787B88C51EC5390C001BE530 /* NameViewController.swift */,
				787B88B71EC51EB6001BE530 /* Main.storyboard */,
				787B88BA1EC51EB6001BE530 /* Assets.xcassets */,
				787B88BC1EC51EB6001BE530 /* LaunchScreen.storyboard */,
				787B88BF1EC51EB6001BE530 /* Info.plist */,
			);
			path = WellcomeApp;
			sourceTree = "<group>";
		};
/* End PBXGroup section */

/* Begin PBXNativeTarget section */
		787B88AF1EC51EB6001BE530 /* WellcomeApp */ = {
			isa = PBXNativeTarget;
			buildConfigurationList = 787B88C21EC51EB6001BE530 /* Build configuration list for PBXNativeTarget "WellcomeApp" */;
			buildPhases = (
				787B88AC1EC51EB6001BE530 /* Sources */,
				787B88AD1EC51EB6001BE530 /* Frameworks */,
				787B88AE1EC51EB6001BE530 /* Resources */,
			);
			buildRules = (
			);
			dependencies = (
			);
			name = WellcomeApp;
			productName = WellcomeApp;
			productReference = 787B88B01EC51EB6001BE530 /* WellcomeApp.app */;
			productType = "com.apple.product-type.application";
		};
/* End PBXNativeTarget section */

/* Begin PBXProject section */
		787B88A81EC51EB6001BE530 /* Project object */ = {
			isa = PBXProject;
			attributes = {
				LastSwiftUpdateCheck = 0830;
				LastUpgradeCheck = 0830;
				ORGANIZATIONNAME = "César Brenes Solano";
				TargetAttributes = {
					787B88AF1EC51EB6001BE530 = {
						CreatedOnToolsVersion = 8.3.2;
						DevelopmentTeam = YZ2TPBNCEE;
						ProvisioningStyle = Automatic;
					};
				};
			};
			buildConfigurationList = 787B88AB1EC51EB6001BE530 /* Build configuration list for PBXProject "WellcomeApp" */;
			compatibilityVersion = "Xcode 3.2";
			developmentRegion = English;
			hasScannedForEncodings = 0;
			knownRegions = (
				en,
				Base,
			);
			mainGroup = 787B88A71EC51EB6001BE530;
			productRefGroup = 787B88B11EC51EB6001BE530 /* Products */;
			projectDirPath = "";
			projectRoot = "";
			targets = (
				787B88AF1EC51EB6001BE530 /* WellcomeApp */,
			);
		};
/* End PBXProject section */

/* Begin PBXResourcesBuildPhase section */
		787B88AE1EC51EB6001BE530 /* Resources */ = {
			isa = PBXResourcesBuildPhase;
			buildActionMask = 2147483647;
			files = (
				787B88BE1EC51EB6001BE530 /* LaunchScreen.storyboard in Resources */,
				787B88BB1EC51EB6001BE530 /* Assets.xcassets in Resources */,
				787B88B91EC51EB6001BE530 /* Main.storyboard in Resources */,
			);
			runOnlyForDeploymentPostprocessing = 0;
		};
/* End PBXResourcesBuildPhase section */

/* Begin PBXSourcesBuildPhase section */
		787B88AC1EC51EB6001BE530 /* Sources */ = {
			isa = PBXSourcesBuildPhase;
			buildActionMask = 2147483647;
			files = (
				787B88B61EC51EB6001BE530 /* ViewController.swift in Sources */,
				787B88B41EC51EB6001BE530 /* AppDelegate.swift in Sources */,
				787B88C61EC5390C001BE530 /* NameViewController.swift in Sources */,
			);
			runOnlyForDeploymentPostprocessing = 0;
		};
/* End PBXSourcesBuildPhase section */

/* Begin PBXVariantGroup section */
		787B88B71EC51EB6001BE530 /* Main.storyboard */ = {
			isa = PBXVariantGroup;
			children = (
				787B88B81EC51EB6001BE530 /* Base */,
			);
			name = Main.storyboard;
			sourceTree = "<group>";
		};
		787B88BC1EC51EB6001BE530 /* LaunchScreen.storyboard */ = {
			isa = PBXVariantGroup;
			children = (
				787B88BD1EC51EB6001BE530 /* Base */,
			);
			name = LaunchScreen.storyboard;
			sourceTree = "<group>";
		};
/* End PBXVariantGroup section */

/* Begin XCBuildConfiguration section */
		787B88C01EC51EB6001BE530 /* Debug */ = {
			isa = XCBuildConfiguration;
			buildSettings = {
				ALWAYS_SEARCH_USER_PATHS = NO;
				CLANG_ANALYZER_NONNULL = YES;
				CLANG_ANALYZER_NUMBER_OBJECT_CONVERSION = YES_AGGRESSIVE;
				CLANG_CXX_LANGUAGE_STANDARD = "gnu++0x";
				CLANG_CXX_LIBRARY = "libc++";
				CLANG_ENABLE_MODULES = YES;
				CLANG_ENABLE_OBJC_ARC = YES;
				CLANG_WARN_BOOL_CONVERSION = YES;
				CLANG_WARN_CONSTANT_CONVERSION = YES;
				CLANG_WARN_DIRECT_OBJC_ISA_USAGE = YES_ERROR;
				CLANG_WARN_DOCUMENTATION_COMMENTS = YES;
				CLANG_WARN_EMPTY_BODY = YES;
				CLANG_WARN_ENUM_CONVERSION = YES;
				CLANG_WARN_INFINITE_RECURSION = YES;
				CLANG_WARN_INT_CONVERSION = YES;
				CLANG_WARN_OBJC_ROOT_CLASS = YES_ERROR;
				CLANG_WARN_SUSPICIOUS_MOVE = YES;
				CLANG_WARN_UNREACHABLE_CODE = YES;
				CLANG_WARN__DUPLICATE_METHOD_MATCH = YES;
				"CODE_SIGN_IDENTITY[sdk=iphoneos*]" = "iPhone Developer";
				COPY_PHASE_STRIP = NO;
				DEBUG_INFORMATION_FORMAT = dwarf;
				ENABLE_STRICT_OBJC_MSGSEND = YES;
				ENABLE_TESTABILITY = YES;
				GCC_C_LANGUAGE_STANDARD = gnu99;
				GCC_DYNAMIC_NO_PIC = NO;
				GCC_NO_COMMON_BLOCKS = YES;
				GCC_OPTIMIZATION_LEVEL = 0;
				GCC_PREPROCESSOR_DEFINITIONS = (
					"DEBUG=1",
					"$(inherited)",
				);
				GCC_WARN_64_TO_32_BIT_CONVERSION = YES;
				GCC_WARN_ABOUT_RETURN_TYPE = YES_ERROR;
				GCC_WARN_UNDECLARED_SELECTOR = YES;
				GCC_WARN_UNINITIALIZED_AUTOS = YES_AGGRESSIVE;
				GCC_WARN_UNUSED_FUNCTION = YES;
				GCC_WARN_UNUSED_VARIABLE = YES;
				IPHONEOS_DEPLOYMENT_TARGET = 10.3;
				MTL_ENABLE_DEBUG_INFO = YES;
				ONLY_ACTIVE_ARCH = YES;
				SDKROOT = iphoneos;
				SWIFT_ACTIVE_COMPILATION_CONDITIONS = DEBUG;
				SWIFT_OPTIMIZATION_LEVEL = "-Onone";
			};
			name = Debug;
		};
		787B88C11EC51EB6001BE530 /* Release */ = {
			isa = XCBuildConfiguration;
			buildSettings = {
				ALWAYS_SEARCH_USER_PATHS = NO;
				CLANG_ANALYZER_NONNULL = YES;
				CLANG_ANALYZER_NUMBER_OBJECT_CONVERSION = YES_AGGRESSIVE;
				CLANG_CXX_LANGUAGE_STANDARD = "gnu++0x";
				CLANG_CXX_LIBRARY = "libc++";
				CLANG_ENABLE_MODULES = YES;
				CLANG_ENABLE_OBJC_ARC = YES;
				CLANG_WARN_BOOL_CONVERSION = YES;
				CLANG_WARN_CONSTANT_CONVERSION = YES;
				CLANG_WARN_DIRECT_OBJC_ISA_USAGE = YES_ERROR;
				CLANG_WARN_DOCUMENTATION_COMMENTS = YES;
				CLANG_WARN_EMPTY_BODY = YES;
				CLANG_WARN_ENUM_CONVERSION = YES;
				CLANG_WARN_INFINITE_RECURSION = YES;
				CLANG_WARN_INT_CONVERSION = YES;
				CLANG_WARN_OBJC_ROOT_CLASS = YES_ERROR;
				CLANG_WARN_SUSPICIOUS_MOVE = YES;
				CLANG_WARN_UNREACHABLE_CODE = YES;
				CLANG_WARN__DUPLICATE_METHOD_MATCH = YES;
				"CODE_SIGN_IDENTITY[sdk=iphoneos*]" = "iPhone Developer";
				COPY_PHASE_STRIP = NO;
				DEBUG_INFORMATION_FORMAT = "dwarf-with-dsym";
				ENABLE_NS_ASSERTIONS = NO;
				ENABLE_STRICT_OBJC_MSGSEND = YES;
				GCC_C_LANGUAGE_STANDARD = gnu99;
				GCC_NO_COMMON_BLOCKS = YES;
				GCC_WARN_64_TO_32_BIT_CONVERSION = YES;
				GCC_WARN_ABOUT_RETURN_TYPE = YES_ERROR;
				GCC_WARN_UNDECLARED_SELECTOR = YES;
				GCC_WARN_UNINITIALIZED_AUTOS = YES_AGGRESSIVE;
				GCC_WARN_UNUSED_FUNCTION = YES;
				GCC_WARN_UNUSED_VARIABLE = YES;
				IPHONEOS_DEPLOYMENT_TARGET = 10.3;
				MTL_ENABLE_DEBUG_INFO = NO;
				SDKROOT = iphoneos;
				SWIFT_OPTIMIZATION_LEVEL = "-Owholemodule";
				VALIDATE_PRODUCT = YES;
			};
			name = Release;
		};
		787B88C31EC51EB6001BE530 /* Debug */ = {
			isa = XCBuildConfiguration;
			buildSettings = {
				ASSETCATALOG_COMPILER_APPICON_NAME = AppIcon;
				DEVELOPMENT_TEAM = YZ2TPBNCEE;
				INFOPLIST_FILE = WellcomeApp/Info.plist;
				LD_RUNPATH_SEARCH_PATHS = "$(inherited) @executable_path/Frameworks";
				PRODUCT_BUNDLE_IDENTIFIER = com.veuxLabs.WellcomeApp;
				PRODUCT_NAME = "$(TARGET_NAME)";
				SWIFT_VERSION = 3.0;
			};
			name = Debug;
		};
		787B88C41EC51EB6001BE530 /* Release */ = {
			isa = XCBuildConfiguration;
			buildSettings = {
				ASSETCATALOG_COMPILER_APPICON_NAME = AppIcon;
				DEVELOPMENT_TEAM = YZ2TPBNCEE;
				INFOPLIST_FILE = WellcomeApp/Info.plist;
				LD_RUNPATH_SEARCH_PATHS = "$(inherited) @executable_path/Frameworks";
				PRODUCT_BUNDLE_IDENTIFIER = com.veuxLabs.WellcomeApp;
				PRODUCT_NAME = "$(TARGET_NAME)";
				SWIFT_VERSION = 3.0;
			};
			name = Release;
		};
/* End XCBuildConfiguration section */

/* Begin XCConfigurationList section */
		787B88AB1EC51EB6001BE530 /* Build configuration list for PBXProject "WellcomeApp" */ = {
			isa = XCConfigurationList;
			buildConfigurations = (
				787B88C01EC51EB6001BE530 /* Debug */,
				787B88C11EC51EB6001BE530 /* Release */,
			);
			defaultConfigurationIsVisible = 0;
			defaultConfigurationName = Release;
		};
		787B88C21EC51EB6001BE530 /* Build configuration list for PBXNativeTarget "WellcomeApp" */ = {
			isa = XCConfigurationList;
			buildConfigurations = (
				787B88C31EC51EB6001BE530 /* Debug */,
				787B88C41EC51EB6001BE530 /* Release */,
			);
			defaultConfigurationIsVisible = 0;
		};
/* End XCConfigurationList section */
	};
	rootObject = 787B88A81EC51EB6001BE530 /* Project object */;
}
